
Microsoft Visual Studio Solution File, Format Version 12.00
# Visual Studio Version 17
VisualStudioVersion = 17.12.35527.113 d17.12
MinimumVisualStudioVersion = 10.0.40219.1
Project("{FAE04EC0-301F-11D3-BF4B-00C04F79EFBC}") = "HilarityWithSplit20250205", "HilarityWithSplit20250205\HilarityWithSplit20250205.csproj", "{34BE6171-40A2-4536-9690-16605E134FDF}"
EndProject
Global
	GlobalSection(SolutionConfigurationPlatforms) = preSolution
		Debug|Any CPU = Debug|Any CPU
		Release|Any CPU = Release|Any CPU
	EndGlobalSection
	GlobalSection(ProjectConfigurationPlatforms) = postSolution
		{34BE6171-40A2-4536-9690-16605E134FDF}.Debug|Any CPU.ActiveCfg = Debug|Any CPU
		{34BE6171-40A2-4536-9690-16605E134FDF}.Debug|Any CPU.Build.0 = Debug|Any CPU
		{34BE6171-40A2-4536-9690-16605E134FDF}.Release|Any CPU.ActiveCfg = Release|Any CPU
		{34BE6171-40A2-4536-9690-16605E134FDF}.Release|Any CPU.Build.0 = Release|Any CPU
	EndGlobalSection
	GlobalSection(SolutionProperties) = preSolution
		HideSolutionNode = FALSE
	EndGlobalSection
EndGlobal
