
Microsoft Visual Studio Solution File, Format Version 12.00
# Visual Studio Version 17
VisualStudioVersion = 17.9.34714.143
MinimumVisualStudioVersion = 10.0.40219.1
Project("{FAE04EC0-301F-11D3-BF4B-00C04F79EFBC}") = "ShapeSerialization20250305", "ShapeSerialization20250305\ShapeSerialization20250305.csproj", "{A390D97B-0801-42F8-830F-307F1545CB2E}"
EndProject
Global
	GlobalSection(SolutionConfigurationPlatforms) = preSolution
		Debug|Any CPU = Debug|Any CPU
		Release|Any CPU = Release|Any CPU
	EndGlobalSection
	GlobalSection(ProjectConfigurationPlatforms) = postSolution
		{A390D97B-0801-42F8-830F-307F1545CB2E}.Debug|Any CPU.ActiveCfg = Debug|Any CPU
		{A390D97B-0801-42F8-830F-307F1545CB2E}.Debug|Any CPU.Build.0 = Debug|Any CPU
		{A390D97B-0801-42F8-830F-307F1545CB2E}.Release|Any CPU.ActiveCfg = Release|Any CPU
		{A390D97B-0801-42F8-830F-307F1545CB2E}.Release|Any CPU.Build.0 = Release|Any CPU
	EndGlobalSection
	GlobalSection(SolutionProperties) = preSolution
		HideSolutionNode = FALSE
	EndGlobalSection
	GlobalSection(ExtensibilityGlobals) = postSolution
		SolutionGuid = {61223AA1-7A43-4559-9009-F712933123D1}
	EndGlobalSection
EndGlobal
